// !$*UTF8*$!
{
	archiveVersion = 1;
	classes = {
	};
	objectVersion = 50;
	objects = {

/* Begin PBXBuildFile section */
		7C0F212F0F163A2CA12D963A /* libPods-BaseDemo.a in Frameworks */ = {isa = PBXBuildFile; fileRef = 504358CF6F3B8598D1126EAA /* libPods-BaseDemo.a */; };
		9FA2A5730D18B305FC023A7B /* libPods-BaseDemoUITests.a in Frameworks */ = {isa = PBXBuildFile; fileRef = C7F2FF66D2AF355B7EAE21E5 /* libPods-BaseDemoUITests.a */; };
		B636600B22D5EE38006168BD /* AppDelegate.m in Sources */ = {isa = PBXBuildFile; fileRef = B636600A22D5EE38006168BD /* AppDelegate.m */; };
		B636600E22D5EE38006168BD /* ViewController.m in Sources */ = {isa = PBXBuildFile; fileRef = B636600D22D5EE38006168BD /* ViewController.m */; };
		B636601122D5EE38006168BD /* Main.storyboard in Resources */ = {isa = PBXBuildFile; fileRef = B636600F22D5EE38006168BD /* Main.storyboard */; };
		B636601322D5EE3A006168BD /* Assets.xcassets in Resources */ = {isa = PBXBuildFile; fileRef = B636601222D5EE3A006168BD /* Assets.xcassets */; };
		B636601622D5EE3A006168BD /* LaunchScreen.storyboard in Resources */ = {isa = PBXBuildFile; fileRef = B636601422D5EE3A006168BD /* LaunchScreen.storyboard */; };
		B636601922D5EE3A006168BD /* main.m in Sources */ = {isa = PBXBuildFile; fileRef = B636601822D5EE3A006168BD /* main.m */; };
		B636602322D5EE3A006168BD /* BaseDemoTests.m in Sources */ = {isa = PBXBuildFile; fileRef = B636602222D5EE3A006168BD /* BaseDemoTests.m */; };
		B636602E22D5EE3A006168BD /* BaseDemoUITests.m in Sources */ = {isa = PBXBuildFile; fileRef = B636602D22D5EE3A006168BD /* BaseDemoUITests.m */; };
		F5F9EBC6DCE6FB745F771EA3 /* libPods-BaseDemoTests.a in Frameworks */ = {isa = PBXBuildFile; fileRef = 8A6F0D3063B05364F0B9A3CB /* libPods-BaseDemoTests.a */; };
/* End PBXBuildFile section */

/* Begin PBXContainerItemProxy section */
		B636601F22D5EE3A006168BD /* PBXContainerItemProxy */ = {
			isa = PBXContainerItemProxy;
			containerPortal = B6365FFE22D5EE38006168BD /* Project object */;
			proxyType = 1;
			remoteGlobalIDString = B636600522D5EE38006168BD;
			remoteInfo = BaseDemo;
		};
		B636602A22D5EE3A006168BD /* PBXContainerItemProxy */ = {
			isa = PBXContainerItemProxy;
			containerPortal = B6365FFE22D5EE38006168BD /* Project object */;
			proxyType = 1;
			remoteGlobalIDString = B636600522D5EE38006168BD;
			remoteInfo = BaseDemo;
		};
/* End PBXContainerItemProxy section */

/* Begin PBXFileReference section */
		02DAEAF22CC9115B8BE4A10A /* Pods-BaseDemoUITests.release.xcconfig */ = {isa = PBXFileReference; includeInIndex = 1; lastKnownFileType = text.xcconfig; name = "Pods-BaseDemoUITests.release.xcconfig"; path = "Pods/Target Support Files/Pods-BaseDemoUITests/Pods-BaseDemoUITests.release.xcconfig"; sourceTree = "<group>"; };
		2A6B3F4AAD7001B48E1FEDB2 /* Pods-BaseDemo.release.xcconfig */ = {isa = PBXFileReference; includeInIndex = 1; lastKnownFileType = text.xcconfig; name = "Pods-BaseDemo.release.xcconfig"; path = "Pods/Target Support Files/Pods-BaseDemo/Pods-BaseDemo.release.xcconfig"; sourceTree = "<group>"; };
		504358CF6F3B8598D1126EAA /* libPods-BaseDemo.a */ = {isa = PBXFileReference; explicitFileType = archive.ar; includeInIndex = 0; path = "libPods-BaseDemo.a"; sourceTree = BUILT_PRODUCTS_DIR; };
		5F2008D3F06EF6B2E4E64264 /* Pods-BaseDemoTests.release.xcconfig */ = {isa = PBXFileReference; includeInIndex = 1; lastKnownFileType = text.xcconfig; name = "Pods-BaseDemoTests.release.xcconfig"; path = "Pods/Target Support Files/Pods-BaseDemoTests/Pods-BaseDemoTests.release.xcconfig"; sourceTree = "<group>"; };
		8A6F0D3063B05364F0B9A3CB /* libPods-BaseDemoTests.a */ = {isa = PBXFileReference; explicitFileType = archive.ar; includeInIndex = 0; path = "libPods-BaseDemoTests.a"; sourceTree = BUILT_PRODUCTS_DIR; };
		AC8E5023E14F2D10F8653DA2 /* Pods-BaseDemo.debug.xcconfig */ = {isa = PBXFileReference; includeInIndex = 1; lastKnownFileType = text.xcconfig; name = "Pods-BaseDemo.debug.xcconfig"; path = "Pods/Target Support Files/Pods-BaseDemo/Pods-BaseDemo.debug.xcconfig"; sourceTree = "<group>"; };
		B636600622D5EE38006168BD /* BaseDemo.app */ = {isa = PBXFileReference; explicitFileType = wrapper.application; includeInIndex = 0; path = BaseDemo.app; sourceTree = BUILT_PRODUCTS_DIR; };
		B636600922D5EE38006168BD /* AppDelegate.h */ = {isa = PBXFileReference; lastKnownFileType = sourcecode.c.h; path = AppDelegate.h; sourceTree = "<group>"; };
		B636600A22D5EE38006168BD /* AppDelegate.m */ = {isa = PBXFileReference; lastKnownFileType = sourcecode.c.objc; path = AppDelegate.m; sourceTree = "<group>"; };
		B636600C22D5EE38006168BD /* ViewController.h */ = {isa = PBXFileReference; lastKnownFileType = sourcecode.c.h; path = ViewController.h; sourceTree = "<group>"; };
		B636600D22D5EE38006168BD /* ViewController.m */ = {isa = PBXFileReference; lastKnownFileType = sourcecode.c.objc; path = ViewController.m; sourceTree = "<group>"; };
		B636601022D5EE38006168BD /* Base */ = {isa = PBXFileReference; lastKnownFileType = file.storyboard; name = Base; path = Base.lproj/Main.storyboard; sourceTree = "<group>"; };
		B636601222D5EE3A006168BD /* Assets.xcassets */ = {isa = PBXFileReference; lastKnownFileType = folder.assetcatalog; path = Assets.xcassets; sourceTree = "<group>"; };
		B636601522D5EE3A006168BD /* Base */ = {isa = PBXFileReference; lastKnownFileType = file.storyboard; name = Base; path = Base.lproj/LaunchScreen.storyboard; sourceTree = "<group>"; };
		B636601722D5EE3A006168BD /* Info.plist */ = {isa = PBXFileReference; lastKnownFileType = text.plist.xml; path = Info.plist; sourceTree = "<group>"; };
		B636601822D5EE3A006168BD /* main.m */ = {isa = PBXFileReference; lastKnownFileType = sourcecode.c.objc; path = main.m; sourceTree = "<group>"; };
		B636601E22D5EE3A006168BD /* BaseDemoTests.xctest */ = {isa = PBXFileReference; explicitFileType = wrapper.cfbundle; includeInIndex = 0; path = BaseDemoTests.xctest; sourceTree = BUILT_PRODUCTS_DIR; };
		B636602222D5EE3A006168BD /* BaseDemoTests.m */ = {isa = PBXFileReference; lastKnownFileType = sourcecode.c.objc; path = BaseDemoTests.m; sourceTree = "<group>"; };
		B636602422D5EE3A006168BD /* Info.plist */ = {isa = PBXFileReference; lastKnownFileType = text.plist.xml; path = Info.plist; sourceTree = "<group>"; };
		B636602922D5EE3A006168BD /* BaseDemoUITests.xctest */ = {isa = PBXFileReference; explicitFileType = wrapper.cfbundle; includeInIndex = 0; path = BaseDemoUITests.xctest; sourceTree = BUILT_PRODUCTS_DIR; };
		B636602D22D5EE3A006168BD /* BaseDemoUITests.m */ = {isa = PBXFileReference; lastKnownFileType = sourcecode.c.objc; path = BaseDemoUITests.m; sourceTree = "<group>"; };
		B636602F22D5EE3A006168BD /* Info.plist */ = {isa = PBXFileReference; lastKnownFileType = text.plist.xml; path = Info.plist; sourceTree = "<group>"; };
		C7F2FF66D2AF355B7EAE21E5 /* libPods-BaseDemoUITests.a */ = {isa = PBXFileReference; explicitFileType = archive.ar; includeInIndex = 0; path = "libPods-BaseDemoUITests.a"; sourceTree = BUILT_PRODUCTS_DIR; };
		D7380A56611B65FB4E15BEE1 /* Pods-BaseDemoTests.debug.xcconfig */ = {isa = PBXFileReference; includeInIndex = 1; lastKnownFileType = text.xcconfig; name = "Pods-BaseDemoTests.debug.xcconfig"; path = "Pods/Target Support Files/Pods-BaseDemoTests/Pods-BaseDemoTests.debug.xcconfig"; sourceTree = "<group>"; };
		DA3FE2A0CF1B6D829970A23B /* Pods-BaseDemoUITests.debug.xcconfig */ = {isa = PBXFileReference; includeInIndex = 1; lastKnownFileType = text.xcconfig; name = "Pods-BaseDemoUITests.debug.xcconfig"; path = "Pods/Target Support Files/Pods-BaseDemoUITests/Pods-BaseDemoUITests.debug.xcconfig"; sourceTree = "<group>"; };
/* End PBXFileReference section */

/* Begin PBXFrameworksBuildPhase section */
		B636600322D5EE38006168BD /* Frameworks */ = {
			isa = PBXFrameworksBuildPhase;
			buildActionMask = 2147483647;
			files = (
				7C0F212F0F163A2CA12D963A /* libPods-BaseDemo.a in Frameworks */,
			);
			runOnlyForDeploymentPostprocessing = 0;
		};
		B636601B22D5EE3A006168BD /* Frameworks */ = {
			isa = PBXFrameworksBuildPhase;
			buildActionMask = 2147483647;
			files = (
				F5F9EBC6DCE6FB745F771EA3 /* libPods-BaseDemoTests.a in Frameworks */,
			);
			runOnlyForDeploymentPostprocessing = 0;
		};
		B636602622D5EE3A006168BD /* Frameworks */ = {
			isa = PBXFrameworksBuildPhase;
			buildActionMask = 2147483647;
			files = (
				9FA2A5730D18B305FC023A7B /* libPods-BaseDemoUITests.a in Frameworks */,
			);
			runOnlyForDeploymentPostprocessing = 0;
		};
/* End PBXFrameworksBuildPhase section */

/* Begin PBXGroup section */
		67BC5306EBF931B99A7FD7EE /* Frameworks */ = {
			isa = PBXGroup;
			children = (
				504358CF6F3B8598D1126EAA /* libPods-BaseDemo.a */,
				8A6F0D3063B05364F0B9A3CB /* libPods-BaseDemoTests.a */,
				C7F2FF66D2AF355B7EAE21E5 /* libPods-BaseDemoUITests.a */,
			);
			name = Frameworks;
			sourceTree = "<group>";
		};
		B6365FFD22D5EE38006168BD = {
			isa = PBXGroup;
			children = (
				B636600822D5EE38006168BD /* BaseDemo */,
				B636602122D5EE3A006168BD /* BaseDemoTests */,
				B636602C22D5EE3A006168BD /* BaseDemoUITests */,
				B636600722D5EE38006168BD /* Products */,
				FA4EE27D5B9101784C1436D3 /* Pods */,
				67BC5306EBF931B99A7FD7EE /* Frameworks */,
			);
			sourceTree = "<group>";
		};
		B636600722D5EE38006168BD /* Products */ = {
			isa = PBXGroup;
			children = (
				B636600622D5EE38006168BD /* BaseDemo.app */,
				B636601E22D5EE3A006168BD /* BaseDemoTests.xctest */,
				B636602922D5EE3A006168BD /* BaseDemoUITests.xctest */,
			);
			name = Products;
			sourceTree = "<group>";
		};
		B636600822D5EE38006168BD /* BaseDemo */ = {
			isa = PBXGroup;
			children = (
				B636600922D5EE38006168BD /* AppDelegate.h */,
				B636600A22D5EE38006168BD /* AppDelegate.m */,
				B636600C22D5EE38006168BD /* ViewController.h */,
				B636600D22D5EE38006168BD /* ViewController.m */,
				B636600F22D5EE38006168BD /* Main.storyboard */,
				B636601222D5EE3A006168BD /* Assets.xcassets */,
				B636601422D5EE3A006168BD /* LaunchScreen.storyboard */,
				B636601722D5EE3A006168BD /* Info.plist */,
				B636601822D5EE3A006168BD /* main.m */,
			);
			path = BaseDemo;
			sourceTree = "<group>";
		};
		B636602122D5EE3A006168BD /* BaseDemoTests */ = {
			isa = PBXGroup;
			children = (
				B636602222D5EE3A006168BD /* BaseDemoTests.m */,
				B636602422D5EE3A006168BD /* Info.plist */,
			);
			path = BaseDemoTests;
			sourceTree = "<group>";
		};
		B636602C22D5EE3A006168BD /* BaseDemoUITests */ = {
			isa = PBXGroup;
			children = (
				B636602D22D5EE3A006168BD /* BaseDemoUITests.m */,
				B636602F22D5EE3A006168BD /* Info.plist */,
			);
			path = BaseDemoUITests;
			sourceTree = "<group>";
		};
		FA4EE27D5B9101784C1436D3 /* Pods */ = {
			isa = PBXGroup;
			children = (
				AC8E5023E14F2D10F8653DA2 /* Pods-BaseDemo.debug.xcconfig */,
				2A6B3F4AAD7001B48E1FEDB2 /* Pods-BaseDemo.release.xcconfig */,
				D7380A56611B65FB4E15BEE1 /* Pods-BaseDemoTests.debug.xcconfig */,
				5F2008D3F06EF6B2E4E64264 /* Pods-BaseDemoTests.release.xcconfig */,
				DA3FE2A0CF1B6D829970A23B /* Pods-BaseDemoUITests.debug.xcconfig */,
				02DAEAF22CC9115B8BE4A10A /* Pods-BaseDemoUITests.release.xcconfig */,
			);
			name = Pods;
			sourceTree = "<group>";
		};
/* End PBXGroup section */

/* Begin PBXNativeTarget section */
		B636600522D5EE38006168BD /* BaseDemo */ = {
			isa = PBXNativeTarget;
			buildConfigurationList = B636603222D5EE3A006168BD /* Build configuration list for PBXNativeTarget "BaseDemo" */;
			buildPhases = (
				84EA2983A4FBF7668E3A7B4C /* [CP] Check Pods Manifest.lock */,
				B636600222D5EE38006168BD /* Sources */,
				B636600322D5EE38006168BD /* Frameworks */,
				B636600422D5EE38006168BD /* Resources */,
			);
			buildRules = (
			);
			dependencies = (
			);
			name = BaseDemo;
			productName = BaseDemo;
			productReference = B636600622D5EE38006168BD /* BaseDemo.app */;
			productType = "com.apple.product-type.application";
		};
		B636601D22D5EE3A006168BD /* BaseDemoTests */ = {
			isa = PBXNativeTarget;
			buildConfigurationList = B636603522D5EE3A006168BD /* Build configuration list for PBXNativeTarget "BaseDemoTests" */;
			buildPhases = (
				3C5701C1E02FA21FA5304C39 /* [CP] Check Pods Manifest.lock */,
				B636601A22D5EE3A006168BD /* Sources */,
				B636601B22D5EE3A006168BD /* Frameworks */,
				B636601C22D5EE3A006168BD /* Resources */,
			);
			buildRules = (
			);
			dependencies = (
				B636602022D5EE3A006168BD /* PBXTargetDependency */,
			);
			name = BaseDemoTests;
			productName = BaseDemoTests;
			productReference = B636601E22D5EE3A006168BD /* BaseDemoTests.xctest */;
			productType = "com.apple.product-type.bundle.unit-test";
		};
		B636602822D5EE3A006168BD /* BaseDemoUITests */ = {
			isa = PBXNativeTarget;
			buildConfigurationList = B636603822D5EE3A006168BD /* Build configuration list for PBXNativeTarget "BaseDemoUITests" */;
			buildPhases = (
				0F5AC0DD9AD911CF6526D52B /* [CP] Check Pods Manifest.lock */,
				B636602522D5EE3A006168BD /* Sources */,
				B636602622D5EE3A006168BD /* Frameworks */,
				B636602722D5EE3A006168BD /* Resources */,
			);
			buildRules = (
			);
			dependencies = (
				B636602B22D5EE3A006168BD /* PBXTargetDependency */,
			);
			name = BaseDemoUITests;
			productName = BaseDemoUITests;
			productReference = B636602922D5EE3A006168BD /* BaseDemoUITests.xctest */;
			productType = "com.apple.product-type.bundle.ui-testing";
		};
/* End PBXNativeTarget section */

/* Begin PBXProject section */
		B6365FFE22D5EE38006168BD /* Project object */ = {
			isa = PBXProject;
			attributes = {
				LastUpgradeCheck = 1010;
				ORGANIZATIONNAME = Jion;
				TargetAttributes = {
					B636600522D5EE38006168BD = {
						CreatedOnToolsVersion = 10.1;
					};
					B636601D22D5EE3A006168BD = {
						CreatedOnToolsVersion = 10.1;
						TestTargetID = B636600522D5EE38006168BD;
					};
					B636602822D5EE3A006168BD = {
						CreatedOnToolsVersion = 10.1;
						TestTargetID = B636600522D5EE38006168BD;
					};
				};
			};
			buildConfigurationList = B636600122D5EE38006168BD /* Build configuration list for PBXProject "BaseDemo" */;
			compatibilityVersion = "Xcode 9.3";
			developmentRegion = en;
			hasScannedForEncodings = 0;
			knownRegions = (
				en,
				Base,
			);
			mainGroup = B6365FFD22D5EE38006168BD;
			productRefGroup = B636600722D5EE38006168BD /* Products */;
			projectDirPath = "";
			projectRoot = "";
			targets = (
				B636600522D5EE38006168BD /* BaseDemo */,
				B636601D22D5EE3A006168BD /* BaseDemoTests */,
				B636602822D5EE3A006168BD /* BaseDemoUITests */,
			);
		};
/* End PBXProject section */

/* Begin PBXResourcesBuildPhase section */
		B636600422D5EE38006168BD /* Resources */ = {
			isa = PBXResourcesBuildPhase;
			buildActionMask = 2147483647;
			files = (
				B636601622D5EE3A006168BD /* LaunchScreen.storyboard in Resources */,
				B636601322D5EE3A006168BD /* Assets.xcassets in Resources */,
				B636601122D5EE38006168BD /* Main.storyboard in Resources */,
			);
			runOnlyForDeploymentPostprocessing = 0;
		};
		B636601C22D5EE3A006168BD /* Resources */ = {
			isa = PBXResourcesBuildPhase;
			buildActionMask = 2147483647;
			files = (
			);
			runOnlyForDeploymentPostprocessing = 0;
		};
		B636602722D5EE3A006168BD /* Resources */ = {
			isa = PBXResourcesBuildPhase;
			buildActionMask = 2147483647;
			files = (
			);
			runOnlyForDeploymentPostprocessing = 0;
		};
/* End PBXResourcesBuildPhase section */

/* Begin PBXShellScriptBuildPhase section */
		0F5AC0DD9AD911CF6526D52B /* [CP] Check Pods Manifest.lock */ = {
			isa = PBXShellScriptBuildPhase;
			buildActionMask = 2147483647;
			files = (
			);
			inputPaths = (
				"${PODS_PODFILE_DIR_PATH}/Podfile.lock",
				"${PODS_ROOT}/Manifest.lock",
			);
			name = "[CP] Check Pods Manifest.lock";
			outputPaths = (
				"$(DERIVED_FILE_DIR)/Pods-BaseDemoUITests-checkManifestLockResult.txt",
			);
			runOnlyForDeploymentPostprocessing = 0;
			shellPath = /bin/sh;
			shellScript = "diff \"${PODS_PODFILE_DIR_PATH}/Podfile.lock\" \"${PODS_ROOT}/Manifest.lock\" > /dev/null\nif [ $? != 0 ] ; then\n    # print error to STDERR\n    echo \"error: The sandbox is not in sync with the Podfile.lock. Run 'pod install' or update your CocoaPods installation.\" >&2\n    exit 1\nfi\n# This output is used by Xcode 'outputs' to avoid re-running this script phase.\necho \"SUCCESS\" > \"${SCRIPT_OUTPUT_FILE_0}\"\n";
			showEnvVarsInLog = 0;
		};
		3C5701C1E02FA21FA5304C39 /* [CP] Check Pods Manifest.lock */ = {
			isa = PBXShellScriptBuildPhase;
			buildActionMask = 2147483647;
			files = (
			);
			inputPaths = (
				"${PODS_PODFILE_DIR_PATH}/Podfile.lock",
				"${PODS_ROOT}/Manifest.lock",
			);
			name = "[CP] Check Pods Manifest.lock";
			outputPaths = (
				"$(DERIVED_FILE_DIR)/Pods-BaseDemoTests-checkManifestLockResult.txt",
			);
			runOnlyForDeploymentPostprocessing = 0;
			shellPath = /bin/sh;
			shellScript = "diff \"${PODS_PODFILE_DIR_PATH}/Podfile.lock\" \"${PODS_ROOT}/Manifest.lock\" > /dev/null\nif [ $? != 0 ] ; then\n    # print error to STDERR\n    echo \"error: The sandbox is not in sync with the Podfile.lock. Run 'pod install' or update your CocoaPods installation.\" >&2\n    exit 1\nfi\n# This output is used by Xcode 'outputs' to avoid re-running this script phase.\necho \"SUCCESS\" > \"${SCRIPT_OUTPUT_FILE_0}\"\n";
			showEnvVarsInLog = 0;
		};
		84EA2983A4FBF7668E3A7B4C /* [CP] Check Pods Manifest.lock */ = {
			isa = PBXShellScriptBuildPhase;
			buildActionMask = 2147483647;
			files = (
			);
			inputPaths = (
				"${PODS_PODFILE_DIR_PATH}/Podfile.lock",
				"${PODS_ROOT}/Manifest.lock",
			);
			name = "[CP] Check Pods Manifest.lock";
			outputPaths = (
				"$(DERIVED_FILE_DIR)/Pods-BaseDemo-checkManifestLockResult.txt",
			);
			runOnlyForDeploymentPostprocessing = 0;
			shellPath = /bin/sh;
			shellScript = "diff \"${PODS_PODFILE_DIR_PATH}/Podfile.lock\" \"${PODS_ROOT}/Manifest.lock\" > /dev/null\nif [ $? != 0 ] ; then\n    # print error to STDERR\n    echo \"error: The sandbox is not in sync with the Podfile.lock. Run 'pod install' or update your CocoaPods installation.\" >&2\n    exit 1\nfi\n# This output is used by Xcode 'outputs' to avoid re-running this script phase.\necho \"SUCCESS\" > \"${SCRIPT_OUTPUT_FILE_0}\"\n";
			showEnvVarsInLog = 0;
		};
/* End PBXShellScriptBuildPhase section */

/* Begin PBXSourcesBuildPhase section */
		B636600222D5EE38006168BD /* Sources */ = {
			isa = PBXSourcesBuildPhase;
			buildActionMask = 2147483647;
			files = (
				B636600E22D5EE38006168BD /* ViewController.m in Sources */,
				B636601922D5EE3A006168BD /* main.m in Sources */,
				B636600B22D5EE38006168BD /* AppDelegate.m in Sources */,
			);
			runOnlyForDeploymentPostprocessing = 0;
		};
		B636601A22D5EE3A006168BD /* Sources */ = {
			isa = PBXSourcesBuildPhase;
			buildActionMask = 2147483647;
			files = (
				B636602322D5EE3A006168BD /* BaseDemoTests.m in Sources */,
			);
			runOnlyForDeploymentPostprocessing = 0;
		};
		B636602522D5EE3A006168BD /* Sources */ = {
			isa = PBXSourcesBuildPhase;
			buildActionMask = 2147483647;
			files = (
				B636602E22D5EE3A006168BD /* BaseDemoUITests.m in Sources */,
			);
			runOnlyForDeploymentPostprocessing = 0;
		};
/* End PBXSourcesBuildPhase section */

/* Begin PBXTargetDependency section */
		B636602022D5EE3A006168BD /* PBXTargetDependency */ = {
			isa = PBXTargetDependency;
			target = B636600522D5EE38006168BD /* BaseDemo */;
			targetProxy = B636601F22D5EE3A006168BD /* PBXContainerItemProxy */;
		};
		B636602B22D5EE3A006168BD /* PBXTargetDependency */ = {
			isa = PBXTargetDependency;
			target = B636600522D5EE38006168BD /* BaseDemo */;
			targetProxy = B636602A22D5EE3A006168BD /* PBXContainerItemProxy */;
		};
/* End PBXTargetDependency section */

/* Begin PBXVariantGroup section */
		B636600F22D5EE38006168BD /* Main.storyboard */ = {
			isa = PBXVariantGroup;
			children = (
				B636601022D5EE38006168BD /* Base */,
			);
			name = Main.storyboard;
			sourceTree = "<group>";
		};
		B636601422D5EE3A006168BD /* LaunchScreen.storyboard */ = {
			isa = PBXVariantGroup;
			children = (
				B636601522D5EE3A006168BD /* Base */,
			);
			name = LaunchScreen.storyboard;
			sourceTree = "<group>";
		};
/* End PBXVariantGroup section */

/* Begin XCBuildConfiguration section */
		B636603022D5EE3A006168BD /* Debug */ = {
			isa = XCBuildConfiguration;
			buildSettings = {
				ALWAYS_SEARCH_USER_PATHS = NO;
				CLANG_ANALYZER_NONNULL = YES;
				CLANG_ANALYZER_NUMBER_OBJECT_CONVERSION = YES_AGGRESSIVE;
				CLANG_CXX_LANGUAGE_STANDARD = "gnu++14";
				CLANG_CXX_LIBRARY = "libc++";
				CLANG_ENABLE_MODULES = YES;
				CLANG_ENABLE_OBJC_ARC = YES;
				CLANG_ENABLE_OBJC_WEAK = YES;
				CLANG_WARN_BLOCK_CAPTURE_AUTORELEASING = YES;
				CLANG_WARN_BOOL_CONVERSION = YES;
				CLANG_WARN_COMMA = YES;
				CLANG_WARN_CONSTANT_CONVERSION = YES;
				CLANG_WARN_DEPRECATED_OBJC_IMPLEMENTATIONS = YES;
				CLANG_WARN_DIRECT_OBJC_ISA_USAGE = YES_ERROR;
				CLANG_WARN_DOCUMENTATION_COMMENTS = YES;
				CLANG_WARN_EMPTY_BODY = YES;
				CLANG_WARN_ENUM_CONVERSION = YES;
				CLANG_WARN_INFINITE_RECURSION = YES;
				CLANG_WARN_INT_CONVERSION = YES;
				CLANG_WARN_NON_LITERAL_NULL_CONVERSION = YES;
				CLANG_WARN_OBJC_IMPLICIT_RETAIN_SELF = YES;
				CLANG_WARN_OBJC_LITERAL_CONVERSION = YES;
				CLANG_WARN_OBJC_ROOT_CLASS = YES_ERROR;
				CLANG_WARN_RANGE_LOOP_ANALYSIS = YES;
				CLANG_WARN_STRICT_PROTOTYPES = YES;
				CLANG_WARN_SUSPICIOUS_MOVE = YES;
				CLANG_WARN_UNGUARDED_AVAILABILITY = YES_AGGRESSIVE;
				CLANG_WARN_UNREACHABLE_CODE = YES;
				CLANG_WARN__DUPLICATE_METHOD_MATCH = YES;
				CODE_SIGN_IDENTITY = "iPhone Developer";
				COPY_PHASE_STRIP = NO;
				DEBUG_INFORMATION_FORMAT = dwarf;
				ENABLE_STRICT_OBJC_MSGSEND = YES;
				ENABLE_TESTABILITY = YES;
				GCC_C_LANGUAGE_STANDARD = gnu11;
				GCC_DYNAMIC_NO_PIC = NO;
				GCC_NO_COMMON_BLOCKS = YES;
				GCC_OPTIMIZATION_LEVEL = 0;
				GCC_PREPROCESSOR_DEFINITIONS = (
					"DEBUG=1",
					"$(inherited)",
				);
				GCC_WARN_64_TO_32_BIT_CONVERSION = YES;
				GCC_WARN_ABOUT_RETURN_TYPE = YES_ERROR;
				GCC_WARN_UNDECLARED_SELECTOR = YES;
				GCC_WARN_UNINITIALIZED_AUTOS = YES_AGGRESSIVE;
				GCC_WARN_UNUSED_FUNCTION = YES;
				GCC_WARN_UNUSED_VARIABLE = YES;
				IPHONEOS_DEPLOYMENT_TARGET = 12.1;
				MTL_ENABLE_DEBUG_INFO = INCLUDE_SOURCE;
				MTL_FAST_MATH = YES;
				ONLY_ACTIVE_ARCH = YES;
				SDKROOT = iphoneos;
			};
			name = Debug;
		};
		B636603122D5EE3A006168BD /* Release */ = {
			isa = XCBuildConfiguration;
			buildSettings = {
				ALWAYS_SEARCH_USER_PATHS = NO;
				CLANG_ANALYZER_NONNULL = YES;
				CLANG_ANALYZER_NUMBER_OBJECT_CONVERSION = YES_AGGRESSIVE;
				CLANG_CXX_LANGUAGE_STANDARD = "gnu++14";
				CLANG_CXX_LIBRARY = "libc++";
				CLANG_ENABLE_MODULES = YES;
				CLANG_ENABLE_OBJC_ARC = YES;
				CLANG_ENABLE_OBJC_WEAK = YES;
				CLANG_WARN_BLOCK_CAPTURE_AUTORELEASING = YES;
				CLANG_WARN_BOOL_CONVERSION = YES;
				CLANG_WARN_COMMA = YES;
				CLANG_WARN_CONSTANT_CONVERSION = YES;
				CLANG_WARN_DEPRECATED_OBJC_IMPLEMENTATIONS = YES;
				CLANG_WARN_DIRECT_OBJC_ISA_USAGE = YES_ERROR;
				CLANG_WARN_DOCUMENTATION_COMMENTS = YES;
				CLANG_WARN_EMPTY_BODY = YES;
				CLANG_WARN_ENUM_CONVERSION = YES;
				CLANG_WARN_INFINITE_RECURSION = YES;
				CLANG_WARN_INT_CONVERSION = YES;
				CLANG_WARN_NON_LITERAL_NULL_CONVERSION = YES;
				CLANG_WARN_OBJC_IMPLICIT_RETAIN_SELF = YES;
				CLANG_WARN_OBJC_LITERAL_CONVERSION = YES;
				CLANG_WARN_OBJC_ROOT_CLASS = YES_ERROR;
				CLANG_WARN_RANGE_LOOP_ANALYSIS = YES;
				CLANG_WARN_STRICT_PROTOTYPES = YES;
				CLANG_WARN_SUSPICIOUS_MOVE = YES;
				CLANG_WARN_UNGUARDED_AVAILABILITY = YES_AGGRESSIVE;
				CLANG_WARN_UNREACHABLE_CODE = YES;
				CLANG_WARN__DUPLICATE_METHOD_MATCH = YES;
				CODE_SIGN_IDENTITY = "iPhone Developer";
				COPY_PHASE_STRIP = NO;
				DEBUG_INFORMATION_FORMAT = "dwarf-with-dsym";
				ENABLE_NS_ASSERTIONS = NO;
				ENABLE_STRICT_OBJC_MSGSEND = YES;
				GCC_C_LANGUAGE_STANDARD = gnu11;
				GCC_NO_COMMON_BLOCKS = YES;
				GCC_WARN_64_TO_32_BIT_CONVERSION = YES;
				GCC_WARN_ABOUT_RETURN_TYPE = YES_ERROR;
				GCC_WARN_UNDECLARED_SELECTOR = YES;
				GCC_WARN_UNINITIALIZED_AUTOS = YES_AGGRESSIVE;
				GCC_WARN_UNUSED_FUNCTION = YES;
				GCC_WARN_UNUSED_VARIABLE = YES;
				IPHONEOS_DEPLOYMENT_TARGET = 12.1;
				MTL_ENABLE_DEBUG_INFO = NO;
				MTL_FAST_MATH = YES;
				SDKROOT = iphoneos;
				VALIDATE_PRODUCT = YES;
			};
			name = Release;
		};
		B636603322D5EE3A006168BD /* Debug */ = {
			isa = XCBuildConfiguration;
			baseConfigurationReference = AC8E5023E14F2D10F8653DA2 /* Pods-BaseDemo.debug.xcconfig */;
			buildSettings = {
				ASSETCATALOG_COMPILER_APPICON_NAME = AppIcon;
				CODE_SIGN_STYLE = Automatic;
				DEVELOPMENT_TEAM = N3379XTAJ9;
				INFOPLIST_FILE = BaseDemo/Info.plist;
				IPHONEOS_DEPLOYMENT_TARGET = 8.0;
				LD_RUNPATH_SEARCH_PATHS = (
					"$(inherited)",
					"@executable_path/Frameworks",
				);
				PRODUCT_BUNDLE_IDENTIFIER = com.jion.BaseDemo;
				PRODUCT_NAME = "$(TARGET_NAME)";
				TARGETED_DEVICE_FAMILY = "1,2";
			};
			name = Debug;
		};
		B636603422D5EE3A006168BD /* Release */ = {
			isa = XCBuildConfiguration;
			baseConfigurationReference = 2A6B3F4AAD7001B48E1FEDB2 /* Pods-BaseDemo.release.xcconfig */;
			buildSettings = {
				ASSETCATALOG_COMPILER_APPICON_NAME = AppIcon;
				CODE_SIGN_STYLE = Automatic;
				DEVELOPMENT_TEAM = N3379XTAJ9;
				INFOPLIST_FILE = BaseDemo/Info.plist;
				IPHONEOS_DEPLOYMENT_TARGET = 8.0;
				LD_RUNPATH_SEARCH_PATHS = (
					"$(inherited)",
					"@executable_path/Frameworks",
				);
				PRODUCT_BUNDLE_IDENTIFIER = com.jion.BaseDemo;
				PRODUCT_NAME = "$(TARGET_NAME)";
				TARGETED_DEVICE_FAMILY = "1,2";
			};
			name = Release;
		};
		B636603622D5EE3A006168BD /* Debug */ = {
			isa = XCBuildConfiguration;
			baseConfigurationReference = D7380A56611B65FB4E15BEE1 /* Pods-BaseDemoTests.debug.xcconfig */;
			buildSettings = {
				BUNDLE_LOADER = "$(TEST_HOST)";
				CODE_SIGN_STYLE = Automatic;
				INFOPLIST_FILE = BaseDemoTests/Info.plist;
				LD_RUNPATH_SEARCH_PATHS = (
					"$(inherited)",
					"@executable_path/Frameworks",
					"@loader_path/Frameworks",
				);
				PRODUCT_BUNDLE_IDENTIFIER = com.jion.BaseDemoTests;
				PRODUCT_NAME = "$(TARGET_NAME)";
				TARGETED_DEVICE_FAMILY = "1,2";
				TEST_HOST = "$(BUILT_PRODUCTS_DIR)/BaseDemo.app/BaseDemo";
			};
			name = Debug;
		};
		B636603722D5EE3A006168BD /* Release */ = {
			isa = XCBuildConfiguration;
			baseConfigurationReference = 5F2008D3F06EF6B2E4E64264 /* Pods-BaseDemoTests.release.xcconfig */;
			buildSettings = {
				BUNDLE_LOADER = "$(TEST_HOST)";
				CODE_SIGN_STYLE = Automatic;
				INFOPLIST_FILE = BaseDemoTests/Info.plist;
				LD_RUNPATH_SEARCH_PATHS = (
					"$(inherited)",
					"@executable_path/Frameworks",
					"@loader_path/Frameworks",
				);
				PRODUCT_BUNDLE_IDENTIFIER = com.jion.BaseDemoTests;
				PRODUCT_NAME = "$(TARGET_NAME)";
				TARGETED_DEVICE_FAMILY = "1,2";
				TEST_HOST = "$(BUILT_PRODUCTS_DIR)/BaseDemo.app/BaseDemo";
			};
			name = Release;
		};
		B636603922D5EE3A006168BD /* Debug */ = {
			isa = XCBuildConfiguration;
			baseConfigurationReference = DA3FE2A0CF1B6D829970A23B /* Pods-BaseDemoUITests.debug.xcconfig */;
			buildSettings = {
				CODE_SIGN_STYLE = Automatic;
				INFOPLIST_FILE = BaseDemoUITests/Info.plist;
				LD_RUNPATH_SEARCH_PATHS = (
					"$(inherited)",
					"@executable_path/Frameworks",
					"@loader_path/Frameworks",
				);
				PRODUCT_BUNDLE_IDENTIFIER = com.jion.BaseDemoUITests;
				PRODUCT_NAME = "$(TARGET_NAME)";
				TARGETED_DEVICE_FAMILY = "1,2";
				TEST_TARGET_NAME = BaseDemo;
			};
			name = Debug;
		};
		B636603A22D5EE3A006168BD /* Release */ = {
			isa = XCBuildConfiguration;
			baseConfigurationReference = 02DAEAF22CC9115B8BE4A10A /* Pods-BaseDemoUITests.release.xcconfig */;
			buildSettings = {
				CODE_SIGN_STYLE = Automatic;
				INFOPLIST_FILE = BaseDemoUITests/Info.plist;
				LD_RUNPATH_SEARCH_PATHS = (
					"$(inherited)",
					"@executable_path/Frameworks",
					"@loader_path/Frameworks",
				);
				PRODUCT_BUNDLE_IDENTIFIER = com.jion.BaseDemoUITests;
				PRODUCT_NAME = "$(TARGET_NAME)";
				TARGETED_DEVICE_FAMILY = "1,2";
				TEST_TARGET_NAME = BaseDemo;
			};
			name = Release;
		};
/* End XCBuildConfiguration section */

/* Begin XCConfigurationList section */
		B636600122D5EE38006168BD /* Build configuration list for PBXProject "BaseDemo" */ = {
			isa = XCConfigurationList;
			buildConfigurations = (
				B636603022D5EE3A006168BD /* Debug */,
				B636603122D5EE3A006168BD /* Release */,
			);
			defaultConfigurationIsVisible = 0;
			defaultConfigurationName = Release;
		};
		B636603222D5EE3A006168BD /* Build configuration list for PBXNativeTarget "BaseDemo" */ = {
			isa = XCConfigurationList;
			buildConfigurations = (
				B636603322D5EE3A006168BD /* Debug */,
				B636603422D5EE3A006168BD /* Release */,
			);
			defaultConfigurationIsVisible = 0;
			defaultConfigurationName = Release;
		};
		B636603522D5EE3A006168BD /* Build configuration list for PBXNativeTarget "BaseDemoTests" */ = {
			isa = XCConfigurationList;
			buildConfigurations = (
				B636603622D5EE3A006168BD /* Debug */,
				B636603722D5EE3A006168BD /* Release */,
			);
			defaultConfigurationIsVisible = 0;
			defaultConfigurationName = Release;
		};
		B636603822D5EE3A006168BD /* Build configuration list for PBXNativeTarget "BaseDemoUITests" */ = {
			isa = XCConfigurationList;
			buildConfigurations = (
				B636603922D5EE3A006168BD /* Debug */,
				B636603A22D5EE3A006168BD /* Release */,
			);
			defaultConfigurationIsVisible = 0;
			defaultConfigurationName = Release;
		};
/* End XCConfigurationList section */
	};
	rootObject = B6365FFE22D5EE38006168BD /* Project object */;
}
