PODS:
  - LoginModule (0.0.1):
    - TCMBase
  - TCMBase (0.0.1)

DEPENDENCIES:
  - LoginModule (from `../`)
  - TCMBase (from `../../TCMBase`)

EXTERNAL SOURCES:
  LoginModule:
    :path: "../"
  TCMBase:
    :path: "../../TCMBase"

SPEC CHECKSUMS:
  LoginModule: 07323dc7ee1e6af2c602be04d64c4632f39a2010
  TCMBase: 64d6ae161625e31935ae29c99cd0b86b099075c2

PODFILE CHECKSUM: a6aee8f67dc18c03340db4bf40be82c342ea8631

COCOAPODS: 1.5.2
